
Microsoft Visual Studio Solution File, Format Version 12.00
# Visual Studio Version 17
VisualStudioVersion = 17.0.32112.339
MinimumVisualStudioVersion = 10.0.40219.1
Project("{FAE04EC0-301F-11D3-BF4B-00C04F79EFBC}") = "AndroidApp.UWP", "AndroidApp\AndroidApp.UWP\AndroidApp.UWP.csproj", "{F118D106-7552-4D74-BC09-47BD07717F37}"
EndProject
Project("{FAE04EC0-301F-11D3-BF4B-00C04F79EFBC}") = "AndroidApp.Android", "AndroidApp\AndroidApp.Android\AndroidApp.Android.csproj", "{22DDC56D-96CE-498E-8D7D-254FDFAC88FA}"
EndProject
Project("{FAE04EC0-301F-11D3-BF4B-00C04F79EFBC}") = "AndroidApp", "AndroidApp\AndroidApp\AndroidApp.csproj", "{262ED4B5-5808-4CC8-8215-E315A9E2BE92}"
EndProject
Global
	GlobalSection(SolutionConfigurationPlatforms) = preSolution
		Debug|Any CPU = Debug|Any CPU
		Debug|ARM = Debug|ARM
		Debug|x64 = Debug|x64
		Debug|x86 = Debug|x86
		Release|Any CPU = Release|Any CPU
		Release|ARM = Release|ARM
		Release|x64 = Release|x64
		Release|x86 = Release|x86
	EndGlobalSection
	GlobalSection(ProjectConfigurationPlatforms) = postSolution
		{F118D106-7552-4D74-BC09-47BD07717F37}.Debug|Any CPU.ActiveCfg = Debug|x64
		{F118D106-7552-4D74-BC09-47BD07717F37}.Debug|Any CPU.Build.0 = Debug|x64
		{F118D106-7552-4D74-BC09-47BD07717F37}.Debug|Any CPU.Deploy.0 = Debug|x64
		{F118D106-7552-4D74-BC09-47BD07717F37}.Debug|ARM.ActiveCfg = Debug|ARM
		{F118D106-7552-4D74-BC09-47BD07717F37}.Debug|ARM.Build.0 = Debug|ARM
		{F118D106-7552-4D74-BC09-47BD07717F37}.Debug|ARM.Deploy.0 = Debug|ARM
		{F118D106-7552-4D74-BC09-47BD07717F37}.Debug|x64.ActiveCfg = Debug|x64
		{F118D106-7552-4D74-BC09-47BD07717F37}.Debug|x64.Build.0 = Debug|x64
		{F118D106-7552-4D74-BC09-47BD07717F37}.Debug|x64.Deploy.0 = Debug|x64
		{F118D106-7552-4D74-BC09-47BD07717F37}.Debug|x86.ActiveCfg = Debug|x86
		{F118D106-7552-4D74-BC09-47BD07717F37}.Debug|x86.Build.0 = Debug|x86
		{F118D106-7552-4D74-BC09-47BD07717F37}.Debug|x86.Deploy.0 = Debug|x86
		{F118D106-7552-4D74-BC09-47BD07717F37}.Release|Any CPU.ActiveCfg = Release|x64
		{F118D106-7552-4D74-BC09-47BD07717F37}.Release|Any CPU.Build.0 = Release|x64
		{F118D106-7552-4D74-BC09-47BD07717F37}.Release|Any CPU.Deploy.0 = Release|x64
		{F118D106-7552-4D74-BC09-47BD07717F37}.Release|ARM.ActiveCfg = Release|ARM
		{F118D106-7552-4D74-BC09-47BD07717F37}.Release|ARM.Build.0 = Release|ARM
		{F118D106-7552-4D74-BC09-47BD07717F37}.Release|ARM.Deploy.0 = Release|ARM
		{F118D106-7552-4D74-BC09-47BD07717F37}.Release|x64.ActiveCfg = Release|x64
		{F118D106-7552-4D74-BC09-47BD07717F37}.Release|x64.Build.0 = Release|x64
		{F118D106-7552-4D74-BC09-47BD07717F37}.Release|x64.Deploy.0 = Release|x64
		{F118D106-7552-4D74-BC09-47BD07717F37}.Release|x86.ActiveCfg = Release|x86
		{F118D106-7552-4D74-BC09-47BD07717F37}.Release|x86.Build.0 = Release|x86
		{F118D106-7552-4D74-BC09-47BD07717F37}.Release|x86.Deploy.0 = Release|x86
		{22DDC56D-96CE-498E-8D7D-254FDFAC88FA}.Debug|Any CPU.ActiveCfg = Debug|Any CPU
		{22DDC56D-96CE-498E-8D7D-254FDFAC88FA}.Debug|Any CPU.Build.0 = Debug|Any CPU
		{22DDC56D-96CE-498E-8D7D-254FDFAC88FA}.Debug|Any CPU.Deploy.0 = Debug|Any CPU
		{22DDC56D-96CE-498E-8D7D-254FDFAC88FA}.Debug|ARM.ActiveCfg = Debug|Any CPU
		{22DDC56D-96CE-498E-8D7D-254FDFAC88FA}.Debug|ARM.Build.0 = Debug|Any CPU
		{22DDC56D-96CE-498E-8D7D-254FDFAC88FA}.Debug|ARM.Deploy.0 = Debug|Any CPU
		{22DDC56D-96CE-498E-8D7D-254FDFAC88FA}.Debug|x64.ActiveCfg = Debug|Any CPU
		{22DDC56D-96CE-498E-8D7D-254FDFAC88FA}.Debug|x64.Build.0 = Debug|Any CPU
		{22DDC56D-96CE-498E-8D7D-254FDFAC88FA}.Debug|x64.Deploy.0 = Debug|Any CPU
		{22DDC56D-96CE-498E-8D7D-254FDFAC88FA}.Debug|x86.ActiveCfg = Debug|Any CPU
		{22DDC56D-96CE-498E-8D7D-254FDFAC88FA}.Debug|x86.Build.0 = Debug|Any CPU
		{22DDC56D-96CE-498E-8D7D-254FDFAC88FA}.Debug|x86.Deploy.0 = Debug|Any CPU
		{22DDC56D-96CE-498E-8D7D-254FDFAC88FA}.Release|Any CPU.ActiveCfg = Release|Any CPU
		{22DDC56D-96CE-498E-8D7D-254FDFAC88FA}.Release|Any CPU.Build.0 = Release|Any CPU
		{22DDC56D-96CE-498E-8D7D-254FDFAC88FA}.Release|Any CPU.Deploy.0 = Release|Any CPU
		{22DDC56D-96CE-498E-8D7D-254FDFAC88FA}.Release|ARM.ActiveCfg = Release|Any CPU
		{22DDC56D-96CE-498E-8D7D-254FDFAC88FA}.Release|ARM.Build.0 = Release|Any CPU
		{22DDC56D-96CE-498E-8D7D-254FDFAC88FA}.Release|ARM.Deploy.0 = Release|Any CPU
		{22DDC56D-96CE-498E-8D7D-254FDFAC88FA}.Release|x64.ActiveCfg = Release|Any CPU
		{22DDC56D-96CE-498E-8D7D-254FDFAC88FA}.Release|x64.Build.0 = Release|Any CPU
		{22DDC56D-96CE-498E-8D7D-254FDFAC88FA}.Release|x64.Deploy.0 = Release|Any CPU
		{22DDC56D-96CE-498E-8D7D-254FDFAC88FA}.Release|x86.ActiveCfg = Release|Any CPU
		{22DDC56D-96CE-498E-8D7D-254FDFAC88FA}.Release|x86.Build.0 = Release|Any CPU
		{22DDC56D-96CE-498E-8D7D-254FDFAC88FA}.Release|x86.Deploy.0 = Release|Any CPU
		{262ED4B5-5808-4CC8-8215-E315A9E2BE92}.Debug|Any CPU.ActiveCfg = Debug|Any CPU
		{262ED4B5-5808-4CC8-8215-E315A9E2BE92}.Debug|Any CPU.Build.0 = Debug|Any CPU
		{262ED4B5-5808-4CC8-8215-E315A9E2BE92}.Debug|Any CPU.Deploy.0 = Debug|Any CPU
		{262ED4B5-5808-4CC8-8215-E315A9E2BE92}.Debug|ARM.ActiveCfg = Debug|Any CPU
		{262ED4B5-5808-4CC8-8215-E315A9E2BE92}.Debug|ARM.Build.0 = Debug|Any CPU
		{262ED4B5-5808-4CC8-8215-E315A9E2BE92}.Debug|ARM.Deploy.0 = Debug|Any CPU
		{262ED4B5-5808-4CC8-8215-E315A9E2BE92}.Debug|x64.ActiveCfg = Debug|Any CPU
		{262ED4B5-5808-4CC8-8215-E315A9E2BE92}.Debug|x64.Build.0 = Debug|Any CPU
		{262ED4B5-5808-4CC8-8215-E315A9E2BE92}.Debug|x64.Deploy.0 = Debug|Any CPU
		{262ED4B5-5808-4CC8-8215-E315A9E2BE92}.Debug|x86.ActiveCfg = Debug|Any CPU
		{262ED4B5-5808-4CC8-8215-E315A9E2BE92}.Debug|x86.Build.0 = Debug|Any CPU
		{262ED4B5-5808-4CC8-8215-E315A9E2BE92}.Debug|x86.Deploy.0 = Debug|Any CPU
		{262ED4B5-5808-4CC8-8215-E315A9E2BE92}.Release|Any CPU.ActiveCfg = Release|Any CPU
		{262ED4B5-5808-4CC8-8215-E315A9E2BE92}.Release|Any CPU.Build.0 = Release|Any CPU
		{262ED4B5-5808-4CC8-8215-E315A9E2BE92}.Release|Any CPU.Deploy.0 = Release|Any CPU
		{262ED4B5-5808-4CC8-8215-E315A9E2BE92}.Release|ARM.ActiveCfg = Release|Any CPU
		{262ED4B5-5808-4CC8-8215-E315A9E2BE92}.Release|ARM.Build.0 = Release|Any CPU
		{262ED4B5-5808-4CC8-8215-E315A9E2BE92}.Release|ARM.Deploy.0 = Release|Any CPU
		{262ED4B5-5808-4CC8-8215-E315A9E2BE92}.Release|x64.ActiveCfg = Release|Any CPU
		{262ED4B5-5808-4CC8-8215-E315A9E2BE92}.Release|x64.Build.0 = Release|Any CPU
		{262ED4B5-5808-4CC8-8215-E315A9E2BE92}.Release|x64.Deploy.0 = Release|Any CPU
		{262ED4B5-5808-4CC8-8215-E315A9E2BE92}.Release|x86.ActiveCfg = Release|Any CPU
		{262ED4B5-5808-4CC8-8215-E315A9E2BE92}.Release|x86.Build.0 = Release|Any CPU
		{262ED4B5-5808-4CC8-8215-E315A9E2BE92}.Release|x86.Deploy.0 = Release|Any CPU
	EndGlobalSection
	GlobalSection(SolutionProperties) = preSolution
		HideSolutionNode = FALSE
	EndGlobalSection
	GlobalSection(ExtensibilityGlobals) = postSolution
		SolutionGuid = {AE630964-875F-4A73-9403-8394E69C376D}
	EndGlobalSection
EndGlobal
